
Microsoft Visual Studio Solution File, Format Version 12.00
# Visual Studio Version 17
VisualStudioVersion = 17.9.34622.214
MinimumVisualStudioVersion = 10.0.40219.1
Project("{FAE04EC0-301F-11D3-BF4B-00C04F79EFBC}") = "Po1640_SVGAnimace", "Po1640_SVGAnimace\Po1640_SVGAnimace.csproj", "{B957DB25-09F7-4768-898A-F9975B27EDA3}"
EndProject
Global
	GlobalSection(SolutionConfigurationPlatforms) = preSolution
		Debug|Any CPU = Debug|Any CPU
		Release|Any CPU = Release|Any CPU
	EndGlobalSection
	GlobalSection(ProjectConfigurationPlatforms) = postSolution
		{B957DB25-09F7-4768-898A-F9975B27EDA3}.Debug|Any CPU.ActiveCfg = Debug|Any CPU
		{B957DB25-09F7-4768-898A-F9975B27EDA3}.Debug|Any CPU.Build.0 = Debug|Any CPU
		{B957DB25-09F7-4768-898A-F9975B27EDA3}.Release|Any CPU.ActiveCfg = Release|Any CPU
		{B957DB25-09F7-4768-898A-F9975B27EDA3}.Release|Any CPU.Build.0 = Release|Any CPU
	EndGlobalSection
	GlobalSection(SolutionProperties) = preSolution
		HideSolutionNode = FALSE
	EndGlobalSection
	GlobalSection(ExtensibilityGlobals) = postSolution
		SolutionGuid = {A0189B0B-E0BF-43E5-B247-0ECA0A52E1AB}
	EndGlobalSection
EndGlobal
